
Microsoft Visual Studio Solution File, Format Version 12.00
# Visual Studio Version 16
VisualStudioVersion = 16.0.31702.278
MinimumVisualStudioVersion = 10.0.40219.1
Project("{FAE04EC0-301F-11D3-BF4B-00C04F79EFBC}") = "JobApplicationsManagement", "JobApplicationsManagement\JobApplicationsManagement.csproj", "{BDFF06D5-2238-475D-8AE3-27B8EDF5AFC3}"
EndProject
Global
	GlobalSection(SolutionConfigurationPlatforms) = preSolution
		Debug|Any CPU = Debug|Any CPU
		Release|Any CPU = Release|Any CPU
	EndGlobalSection
	GlobalSection(ProjectConfigurationPlatforms) = postSolution
		{BDFF06D5-2238-475D-8AE3-27B8EDF5AFC3}.Debug|Any CPU.ActiveCfg = Debug|Any CPU
		{BDFF06D5-2238-475D-8AE3-27B8EDF5AFC3}.Debug|Any CPU.Build.0 = Debug|Any CPU
		{BDFF06D5-2238-475D-8AE3-27B8EDF5AFC3}.Release|Any CPU.ActiveCfg = Release|Any CPU
		{BDFF06D5-2238-475D-8AE3-27B8EDF5AFC3}.Release|Any CPU.Build.0 = Release|Any CPU
	EndGlobalSection
	GlobalSection(SolutionProperties) = preSolution
		HideSolutionNode = FALSE
	EndGlobalSection
	GlobalSection(ExtensibilityGlobals) = postSolution
		SolutionGuid = {A15E5E18-CAF4-4079-BBC8-26790DF07817}
	EndGlobalSection
EndGlobal
